
Microsoft Visual Studio Solution File, Format Version 12.00
# Visual Studio Version 16
VisualStudioVersion = 16.0.29418.71
MinimumVisualStudioVersion = 10.0.40219.1
Project("{2150E333-8FDC-42A3-9474-1A3956D46DE8}") = "Test", "Test", "{3FD21CDC-03F1-4105-B369-12FB42DFCFB1}"
EndProject
Project("{9A19103F-16F7-4668-BE54-9A1E7A4F7556}") = "PharmaBox.WebApp", "PharmaBox.WebApp\PharmaBox.WebApp.csproj", "{6104CEE0-D8C3-489D-85A5-C184A4231BDE}"
EndProject
Global
	GlobalSection(SolutionConfigurationPlatforms) = preSolution
		Debug|Any CPU = Debug|Any CPU
		Release|Any CPU = Release|Any CPU
	EndGlobalSection
	GlobalSection(ProjectConfigurationPlatforms) = postSolution
		{6104CEE0-D8C3-489D-85A5-C184A4231BDE}.Debug|Any CPU.ActiveCfg = Debug|Any CPU
		{6104CEE0-D8C3-489D-85A5-C184A4231BDE}.Debug|Any CPU.Build.0 = Debug|Any CPU
		{6104CEE0-D8C3-489D-85A5-C184A4231BDE}.Release|Any CPU.ActiveCfg = Release|Any CPU
		{6104CEE0-D8C3-489D-85A5-C184A4231BDE}.Release|Any CPU.Build.0 = Release|Any CPU
	EndGlobalSection
	GlobalSection(SolutionProperties) = preSolution
		HideSolutionNode = FALSE
	EndGlobalSection
	GlobalSection(ExtensibilityGlobals) = postSolution
		SolutionGuid = {83A62DF7-D850-4E1E-8798-C0F1317C62E0}
	EndGlobalSection
EndGlobal
